// !$*UTF8*$!
{
	archiveVersion = 1;
	classes = {
	};
	objectVersion = 55;
	objects = {

/* Begin PBXBuildFile section */
		E1054CAF280FA90000FE08C6 /* BaseTabBarController.swift in Sources */ = {isa = PBXBuildFile; fileRef = E1054CAE280FA90000FE08C6 /* BaseTabBarController.swift */; };
		E1054CB2280FB61000FE08C6 /* SettingViewController.swift in Sources */ = {isa = PBXBuildFile; fileRef = E1054CB1280FB61000FE08C6 /* SettingViewController.swift */; };
		E1054CB5280FE10800FE08C6 /* SwitchModeTbvCell.swift in Sources */ = {isa = PBXBuildFile; fileRef = E1054CB4280FE10800FE08C6 /* SwitchModeTbvCell.swift */; };
		E1054CB7280FE20A00FE08C6 /* CustomSegment.swift in Sources */ = {isa = PBXBuildFile; fileRef = E1054CB6280FE20A00FE08C6 /* CustomSegment.swift */; };
		E1054CB9280FEA0F00FE08C6 /* UserDefaultsExtension.swift in Sources */ = {isa = PBXBuildFile; fileRef = E1054CB8280FEA0F00FE08C6 /* UserDefaultsExtension.swift */; };
		E1054CBB280FEA2E00FE08C6 /* UserDefaultModel.swift in Sources */ = {isa = PBXBuildFile; fileRef = E1054CBA280FEA2E00FE08C6 /* UserDefaultModel.swift */; };
		E13FD8D927FC773F00442746 /* EmptyView.swift in Sources */ = {isa = PBXBuildFile; fileRef = E13FD8D827FC773F00442746 /* EmptyView.swift */; };
		E13FD8DC27FC801C00442746 /* CurrentSongViewController.swift in Sources */ = {isa = PBXBuildFile; fileRef = E13FD8DB27FC801C00442746 /* CurrentSongViewController.swift */; };
		E13FD8DF27FC81C100442746 /* SongHeroID.swift in Sources */ = {isa = PBXBuildFile; fileRef = E13FD8DE27FC81C100442746 /* SongHeroID.swift */; };
		E13FD9002801CD6900442746 /* SearchingDataSource.swift in Sources */ = {isa = PBXBuildFile; fileRef = E13FD8FF2801CD6900442746 /* SearchingDataSource.swift */; };
		E13FD90B2804060800442746 /* SearchingViewModel.swift in Sources */ = {isa = PBXBuildFile; fileRef = E13FD90A2804060800442746 /* SearchingViewModel.swift */; };
		E13FD9122805670D00442746 /* PlayerManager.swift in Sources */ = {isa = PBXBuildFile; fileRef = E13FD9112805670D00442746 /* PlayerManager.swift */; };
		E13FD91C28071BC500442746 /* NotificationName+Extension.swift in Sources */ = {isa = PBXBuildFile; fileRef = E13FD91B28071BC500442746 /* NotificationName+Extension.swift */; };
		E151DBF927BE490B00B4F8E0 /* AppDelegate.swift in Sources */ = {isa = PBXBuildFile; fileRef = E151DBF827BE490B00B4F8E0 /* AppDelegate.swift */; };
		E151DBFB27BE490B00B4F8E0 /* SceneDelegate.swift in Sources */ = {isa = PBXBuildFile; fileRef = E151DBFA27BE490B00B4F8E0 /* SceneDelegate.swift */; };
		E151DBFD27BE490B00B4F8E0 /* SearchingViewController.swift in Sources */ = {isa = PBXBuildFile; fileRef = E151DBFC27BE490B00B4F8E0 /* SearchingViewController.swift */; };
		E151DC0227BE490D00B4F8E0 /* Assets.xcassets in Resources */ = {isa = PBXBuildFile; fileRef = E151DC0127BE490D00B4F8E0 /* Assets.xcassets */; };
		E151DC0527BE490D00B4F8E0 /* LaunchScreen.storyboard in Resources */ = {isa = PBXBuildFile; fileRef = E151DC0327BE490D00B4F8E0 /* LaunchScreen.storyboard */; };
		E151DC1827BE493500B4F8E0 /* BaseAPIServices.swift in Sources */ = {isa = PBXBuildFile; fileRef = E151DC0D27BE493500B4F8E0 /* BaseAPIServices.swift */; };
		E151DC1927BE493500B4F8E0 /* APIConstants.swift in Sources */ = {isa = PBXBuildFile; fileRef = E151DC0E27BE493500B4F8E0 /* APIConstants.swift */; };
		E151DC1B27BE493500B4F8E0 /* APICaller.swift in Sources */ = {isa = PBXBuildFile; fileRef = E151DC1027BE493500B4F8E0 /* APICaller.swift */; };
		E151DC1C27BE493500B4F8E0 /* SearchAPIServices.swift in Sources */ = {isa = PBXBuildFile; fileRef = E151DC1127BE493500B4F8E0 /* SearchAPIServices.swift */; };
		E151DC1D27BE493500B4F8E0 /* SearchInput.swift in Sources */ = {isa = PBXBuildFile; fileRef = E151DC1327BE493500B4F8E0 /* SearchInput.swift */; };
		E151DC1E27BE493500B4F8E0 /* SearchOutput.swift in Sources */ = {isa = PBXBuildFile; fileRef = E151DC1427BE493500B4F8E0 /* SearchOutput.swift */; };
		E151DC2027BE493500B4F8E0 /* SearchRouter.swift in Sources */ = {isa = PBXBuildFile; fileRef = E151DC1727BE493500B4F8E0 /* SearchRouter.swift */; };
		E159E38827BE5152008F71CD /* BaseNavigationViewController.swift in Sources */ = {isa = PBXBuildFile; fileRef = E159E38627BE5152008F71CD /* BaseNavigationViewController.swift */; };
		E159E38927BE5152008F71CD /* BaseViewController.swift in Sources */ = {isa = PBXBuildFile; fileRef = E159E38727BE5152008F71CD /* BaseViewController.swift */; };
		E159E38C27BE541D008F71CD /* R.generated.swift in Sources */ = {isa = PBXBuildFile; fileRef = E159E38B27BE541D008F71CD /* R.generated.swift */; };
		E1F55B5D27FADE7B00EC8D82 /* CAGradientLayer+Extension.swift in Sources */ = {isa = PBXBuildFile; fileRef = E1F55B5C27FADE7B00EC8D82 /* CAGradientLayer+Extension.swift */; };
		E1F55B6027FAE11C00EC8D82 /* CAGradientLayer+Entension.swift in Sources */ = {isa = PBXBuildFile; fileRef = E1F55B5F27FAE11C00EC8D82 /* CAGradientLayer+Entension.swift */; };
		E1F55B6327FAE64400EC8D82 /* SearchingTBVCell.swift in Sources */ = {isa = PBXBuildFile; fileRef = E1F55B6227FAE64400EC8D82 /* SearchingTBVCell.swift */; };
		E1F55B6527FAE7CB00EC8D82 /* UITableView+Extension.swift in Sources */ = {isa = PBXBuildFile; fileRef = E1F55B6427FAE7CB00EC8D82 /* UITableView+Extension.swift */; };
		E1F55B6727FAE8B000EC8D82 /* Int+Extension.swift in Sources */ = {isa = PBXBuildFile; fileRef = E1F55B6627FAE8B000EC8D82 /* Int+Extension.swift */; };
		E1F55B6A27FB098200EC8D82 /* CustomTextFieldView.swift in Sources */ = {isa = PBXBuildFile; fileRef = E1F55B6927FB098200EC8D82 /* CustomTextFieldView.swift */; };
		E1F55B6C27FB0B5F00EC8D82 /* UITextField+Extension.swift in Sources */ = {isa = PBXBuildFile; fileRef = E1F55B6B27FB0B5F00EC8D82 /* UITextField+Extension.swift */; };
		E1F55B6E27FB182800EC8D82 /* UIImage+Extension.swift in Sources */ = {isa = PBXBuildFile; fileRef = E1F55B6D27FB182800EC8D82 /* UIImage+Extension.swift */; };
		E1F55B7027FB1A3A00EC8D82 /* UILabel+Extension.swift in Sources */ = {isa = PBXBuildFile; fileRef = E1F55B6F27FB1A3A00EC8D82 /* UILabel+Extension.swift */; };
		F3D7010CEE47A56684ABA106 /* Pods_iTunesDemo.framework in Frameworks */ = {isa = PBXBuildFile; fileRef = E3A55D58DEAF31FEAA770623 /* Pods_iTunesDemo.framework */; };
/* End PBXBuildFile section */

/* Begin PBXFileReference section */
		903682E574EA1BD9E328F2B6 /* Pods-iTunesDemo.release.xcconfig */ = {isa = PBXFileReference; includeInIndex = 1; lastKnownFileType = text.xcconfig; name = "Pods-iTunesDemo.release.xcconfig"; path = "Target Support Files/Pods-iTunesDemo/Pods-iTunesDemo.release.xcconfig"; sourceTree = "<group>"; };
		E1054CAE280FA90000FE08C6 /* BaseTabBarController.swift */ = {isa = PBXFileReference; lastKnownFileType = sourcecode.swift; path = BaseTabBarController.swift; sourceTree = "<group>"; };
		E1054CB1280FB61000FE08C6 /* SettingViewController.swift */ = {isa = PBXFileReference; lastKnownFileType = sourcecode.swift; path = SettingViewController.swift; sourceTree = "<group>"; };
		E1054CB4280FE10800FE08C6 /* SwitchModeTbvCell.swift */ = {isa = PBXFileReference; lastKnownFileType = sourcecode.swift; path = SwitchModeTbvCell.swift; sourceTree = "<group>"; };
		E1054CB6280FE20A00FE08C6 /* CustomSegment.swift */ = {isa = PBXFileReference; fileEncoding = 4; lastKnownFileType = sourcecode.swift; path = CustomSegment.swift; sourceTree = "<group>"; };
		E1054CB8280FEA0F00FE08C6 /* UserDefaultsExtension.swift */ = {isa = PBXFileReference; lastKnownFileType = sourcecode.swift; path = UserDefaultsExtension.swift; sourceTree = "<group>"; };
		E1054CBA280FEA2E00FE08C6 /* UserDefaultModel.swift */ = {isa = PBXFileReference; lastKnownFileType = sourcecode.swift; path = UserDefaultModel.swift; sourceTree = "<group>"; };
		E13FD8D827FC773F00442746 /* EmptyView.swift */ = {isa = PBXFileReference; lastKnownFileType = sourcecode.swift; path = EmptyView.swift; sourceTree = "<group>"; };
		E13FD8DB27FC801C00442746 /* CurrentSongViewController.swift */ = {isa = PBXFileReference; lastKnownFileType = sourcecode.swift; path = CurrentSongViewController.swift; sourceTree = "<group>"; };
		E13FD8DE27FC81C100442746 /* SongHeroID.swift */ = {isa = PBXFileReference; lastKnownFileType = sourcecode.swift; path = SongHeroID.swift; sourceTree = "<group>"; };
		E13FD8FF2801CD6900442746 /* SearchingDataSource.swift */ = {isa = PBXFileReference; lastKnownFileType = sourcecode.swift; path = SearchingDataSource.swift; sourceTree = "<group>"; };
		E13FD90A2804060800442746 /* SearchingViewModel.swift */ = {isa = PBXFileReference; lastKnownFileType = sourcecode.swift; path = SearchingViewModel.swift; sourceTree = "<group>"; };
		E13FD9112805670D00442746 /* PlayerManager.swift */ = {isa = PBXFileReference; lastKnownFileType = sourcecode.swift; path = PlayerManager.swift; sourceTree = "<group>"; };
		E13FD91B28071BC500442746 /* NotificationName+Extension.swift */ = {isa = PBXFileReference; lastKnownFileType = sourcecode.swift; path = "NotificationName+Extension.swift"; sourceTree = "<group>"; };
		E151DBF527BE490B00B4F8E0 /* iTunesDemo.app */ = {isa = PBXFileReference; explicitFileType = wrapper.application; includeInIndex = 0; path = iTunesDemo.app; sourceTree = BUILT_PRODUCTS_DIR; };
		E151DBF827BE490B00B4F8E0 /* AppDelegate.swift */ = {isa = PBXFileReference; lastKnownFileType = sourcecode.swift; path = AppDelegate.swift; sourceTree = "<group>"; };
		E151DBFA27BE490B00B4F8E0 /* SceneDelegate.swift */ = {isa = PBXFileReference; lastKnownFileType = sourcecode.swift; path = SceneDelegate.swift; sourceTree = "<group>"; };
		E151DBFC27BE490B00B4F8E0 /* SearchingViewController.swift */ = {isa = PBXFileReference; lastKnownFileType = sourcecode.swift; path = SearchingViewController.swift; sourceTree = "<group>"; };
		E151DC0127BE490D00B4F8E0 /* Assets.xcassets */ = {isa = PBXFileReference; lastKnownFileType = folder.assetcatalog; path = Assets.xcassets; sourceTree = "<group>"; };
		E151DC0427BE490D00B4F8E0 /* Base */ = {isa = PBXFileReference; lastKnownFileType = file.storyboard; name = Base; path = Base.lproj/LaunchScreen.storyboard; sourceTree = "<group>"; };
		E151DC0627BE490D00B4F8E0 /* Info.plist */ = {isa = PBXFileReference; lastKnownFileType = text.plist.xml; path = Info.plist; sourceTree = "<group>"; };
		E151DC0D27BE493500B4F8E0 /* BaseAPIServices.swift */ = {isa = PBXFileReference; fileEncoding = 4; lastKnownFileType = sourcecode.swift; path = BaseAPIServices.swift; sourceTree = "<group>"; };
		E151DC0E27BE493500B4F8E0 /* APIConstants.swift */ = {isa = PBXFileReference; fileEncoding = 4; lastKnownFileType = sourcecode.swift; path = APIConstants.swift; sourceTree = "<group>"; };
		E151DC1027BE493500B4F8E0 /* APICaller.swift */ = {isa = PBXFileReference; fileEncoding = 4; lastKnownFileType = sourcecode.swift; path = APICaller.swift; sourceTree = "<group>"; };
		E151DC1127BE493500B4F8E0 /* SearchAPIServices.swift */ = {isa = PBXFileReference; fileEncoding = 4; lastKnownFileType = sourcecode.swift; path = SearchAPIServices.swift; sourceTree = "<group>"; };
		E151DC1327BE493500B4F8E0 /* SearchInput.swift */ = {isa = PBXFileReference; fileEncoding = 4; lastKnownFileType = sourcecode.swift; path = SearchInput.swift; sourceTree = "<group>"; };
		E151DC1427BE493500B4F8E0 /* SearchOutput.swift */ = {isa = PBXFileReference; fileEncoding = 4; lastKnownFileType = sourcecode.swift; path = SearchOutput.swift; sourceTree = "<group>"; };
		E151DC1727BE493500B4F8E0 /* SearchRouter.swift */ = {isa = PBXFileReference; fileEncoding = 4; lastKnownFileType = sourcecode.swift; path = SearchRouter.swift; sourceTree = "<group>"; };
		E159E38627BE5152008F71CD /* BaseNavigationViewController.swift */ = {isa = PBXFileReference; fileEncoding = 4; lastKnownFileType = sourcecode.swift; path = BaseNavigationViewController.swift; sourceTree = "<group>"; };
		E159E38727BE5152008F71CD /* BaseViewController.swift */ = {isa = PBXFileReference; fileEncoding = 4; lastKnownFileType = sourcecode.swift; path = BaseViewController.swift; sourceTree = "<group>"; };
		E159E38B27BE541D008F71CD /* R.generated.swift */ = {isa = PBXFileReference; fileEncoding = 4; lastKnownFileType = sourcecode.swift; path = R.generated.swift; sourceTree = SOURCE_ROOT; };
		E1F55B5C27FADE7B00EC8D82 /* CAGradientLayer+Extension.swift */ = {isa = PBXFileReference; fileEncoding = 4; lastKnownFileType = sourcecode.swift; path = "CAGradientLayer+Extension.swift"; sourceTree = "<group>"; };
		E1F55B5F27FAE11C00EC8D82 /* CAGradientLayer+Entension.swift */ = {isa = PBXFileReference; lastKnownFileType = sourcecode.swift; path = "CAGradientLayer+Entension.swift"; sourceTree = "<group>"; };
		E1F55B6227FAE64400EC8D82 /* SearchingTBVCell.swift */ = {isa = PBXFileReference; lastKnownFileType = sourcecode.swift; path = SearchingTBVCell.swift; sourceTree = "<group>"; };
		E1F55B6427FAE7CB00EC8D82 /* UITableView+Extension.swift */ = {isa = PBXFileReference; fileEncoding = 4; lastKnownFileType = sourcecode.swift; path = "UITableView+Extension.swift"; sourceTree = "<group>"; };
		E1F55B6627FAE8B000EC8D82 /* Int+Extension.swift */ = {isa = PBXFileReference; fileEncoding = 4; lastKnownFileType = sourcecode.swift; path = "Int+Extension.swift"; sourceTree = "<group>"; };
		E1F55B6927FB098200EC8D82 /* CustomTextFieldView.swift */ = {isa = PBXFileReference; lastKnownFileType = sourcecode.swift; path = CustomTextFieldView.swift; sourceTree = "<group>"; };
		E1F55B6B27FB0B5F00EC8D82 /* UITextField+Extension.swift */ = {isa = PBXFileReference; fileEncoding = 4; lastKnownFileType = sourcecode.swift; path = "UITextField+Extension.swift"; sourceTree = "<group>"; };
		E1F55B6D27FB182800EC8D82 /* UIImage+Extension.swift */ = {isa = PBXFileReference; fileEncoding = 4; lastKnownFileType = sourcecode.swift; path = "UIImage+Extension.swift"; sourceTree = "<group>"; };
		E1F55B6F27FB1A3A00EC8D82 /* UILabel+Extension.swift */ = {isa = PBXFileReference; fileEncoding = 4; lastKnownFileType = sourcecode.swift; path = "UILabel+Extension.swift"; sourceTree = "<group>"; };
		E3A55D58DEAF31FEAA770623 /* Pods_iTunesDemo.framework */ = {isa = PBXFileReference; explicitFileType = wrapper.framework; includeInIndex = 0; path = Pods_iTunesDemo.framework; sourceTree = BUILT_PRODUCTS_DIR; };
		EDDD9857996060E504134526 /* Pods-iTunesDemo.debug.xcconfig */ = {isa = PBXFileReference; includeInIndex = 1; lastKnownFileType = text.xcconfig; name = "Pods-iTunesDemo.debug.xcconfig"; path = "Target Support Files/Pods-iTunesDemo/Pods-iTunesDemo.debug.xcconfig"; sourceTree = "<group>"; };
/* End PBXFileReference section */

/* Begin PBXFrameworksBuildPhase section */
		E151DBF227BE490B00B4F8E0 /* Frameworks */ = {
			isa = PBXFrameworksBuildPhase;
			buildActionMask = 2147483647;
			files = (
				F3D7010CEE47A56684ABA106 /* Pods_iTunesDemo.framework in Frameworks */,
			);
			runOnlyForDeploymentPostprocessing = 0;
		};
/* End PBXFrameworksBuildPhase section */

/* Begin PBXGroup section */
		2C6B5200914308ADCF2EE572 /* Frameworks */ = {
			isa = PBXGroup;
			children = (
				E3A55D58DEAF31FEAA770623 /* Pods_iTunesDemo.framework */,
			);
			name = Frameworks;
			sourceTree = "<group>";
		};
		DE093C693B271A0DE8913C0F /* Pods */ = {
			isa = PBXGroup;
			children = (
				EDDD9857996060E504134526 /* Pods-iTunesDemo.debug.xcconfig */,
				903682E574EA1BD9E328F2B6 /* Pods-iTunesDemo.release.xcconfig */,
			);
			path = Pods;
			sourceTree = "<group>";
		};
		E1054CB0280FB5CD00FE08C6 /* Setting */ = {
			isa = PBXGroup;
			children = (
				E1054CB1280FB61000FE08C6 /* SettingViewController.swift */,
				E1054CB3280FE0BD00FE08C6 /* Views */,
			);
			path = Setting;
			sourceTree = "<group>";
		};
		E1054CB3280FE0BD00FE08C6 /* Views */ = {
			isa = PBXGroup;
			children = (
				E1054CB4280FE10800FE08C6 /* SwitchModeTbvCell.swift */,
			);
			path = Views;
			sourceTree = "<group>";
		};
		E13FD8DA27FC7FFE00442746 /* CurrentSong */ = {
			isa = PBXGroup;
			children = (
				E13FD8DB27FC801C00442746 /* CurrentSongViewController.swift */,
			);
			path = CurrentSong;
			sourceTree = "<group>";
		};
		E151DBEC27BE490B00B4F8E0 = {
			isa = PBXGroup;
			children = (
				E151DBF727BE490B00B4F8E0 /* iTunesDemo */,
				E151DBF627BE490B00B4F8E0 /* Products */,
				DE093C693B271A0DE8913C0F /* Pods */,
				2C6B5200914308ADCF2EE572 /* Frameworks */,
			);
			sourceTree = "<group>";
		};
		E151DBF627BE490B00B4F8E0 /* Products */ = {
			isa = PBXGroup;
			children = (
				E151DBF527BE490B00B4F8E0 /* iTunesDemo.app */,
			);
			name = Products;
			sourceTree = "<group>";
		};
		E151DBF727BE490B00B4F8E0 /* iTunesDemo */ = {
			isa = PBXGroup;
			children = (
				E159E38B27BE541D008F71CD /* R.generated.swift */,
				E151DBF827BE490B00B4F8E0 /* AppDelegate.swift */,
				E151DBFA27BE490B00B4F8E0 /* SceneDelegate.swift */,
				E151DC0127BE490D00B4F8E0 /* Assets.xcassets */,
				E151DC0327BE490D00B4F8E0 /* LaunchScreen.storyboard */,
				E151DC0627BE490D00B4F8E0 /* Info.plist */,
				E159E38A27BE5158008F71CD /* BaseViewController */,
				E151DC0C27BE493500B4F8E0 /* API */,
				E1F55B6827FB094600EC8D82 /* Component */,
				E1F55B5E27FAE10200EC8D82 /* Extensions */,
				E1F55B5B27FADDD300EC8D82 /* DataType */,
				E159E38227BE5026008F71CD /* SearchingViewController */,
				E13FD8DA27FC7FFE00442746 /* CurrentSong */,
				E1054CB0280FB5CD00FE08C6 /* Setting */,
			);
			path = iTunesDemo;
			sourceTree = "<group>";
		};
		E151DC0C27BE493500B4F8E0 /* API */ = {
			isa = PBXGroup;
			children = (
				E151DC0D27BE493500B4F8E0 /* BaseAPIServices.swift */,
				E151DC0E27BE493500B4F8E0 /* APIConstants.swift */,
				E151DC1027BE493500B4F8E0 /* APICaller.swift */,
				E151DC1127BE493500B4F8E0 /* SearchAPIServices.swift */,
				E151DC1227BE493500B4F8E0 /* Model */,
				E151DC1627BE493500B4F8E0 /* Router */,
			);
			path = API;
			sourceTree = "<group>";
		};
		E151DC1227BE493500B4F8E0 /* Model */ = {
			isa = PBXGroup;
			children = (
				E151DC1327BE493500B4F8E0 /* SearchInput.swift */,
				E151DC1427BE493500B4F8E0 /* SearchOutput.swift */,
			);
			path = Model;
			sourceTree = "<group>";
		};
		E151DC1627BE493500B4F8E0 /* Router */ = {
			isa = PBXGroup;
			children = (
				E151DC1727BE493500B4F8E0 /* SearchRouter.swift */,
			);
			path = Router;
			sourceTree = "<group>";
		};
		E159E38227BE5026008F71CD /* SearchingViewController */ = {
			isa = PBXGroup;
			children = (
				E151DBFC27BE490B00B4F8E0 /* SearchingViewController.swift */,
				E13FD90A2804060800442746 /* SearchingViewModel.swift */,
				E13FD8FF2801CD6900442746 /* SearchingDataSource.swift */,
				E1F55B6127FAE61300EC8D82 /* Views */,
			);
			path = SearchingViewController;
			sourceTree = "<group>";
		};
		E159E38A27BE5158008F71CD /* BaseViewController */ = {
			isa = PBXGroup;
			children = (
				E159E38627BE5152008F71CD /* BaseNavigationViewController.swift */,
				E159E38727BE5152008F71CD /* BaseViewController.swift */,
				E1054CAE280FA90000FE08C6 /* BaseTabBarController.swift */,
			);
			path = BaseViewController;
			sourceTree = "<group>";
		};
		E1F55B5B27FADDD300EC8D82 /* DataType */ = {
			isa = PBXGroup;
			children = (
				E1F55B5C27FADE7B00EC8D82 /* CAGradientLayer+Extension.swift */,
				E13FD8DE27FC81C100442746 /* SongHeroID.swift */,
			);
			path = DataType;
			sourceTree = "<group>";
		};
		E1F55B5E27FAE10200EC8D82 /* Extensions */ = {
			isa = PBXGroup;
			children = (
				E1F55B5F27FAE11C00EC8D82 /* CAGradientLayer+Entension.swift */,
				E1F55B6427FAE7CB00EC8D82 /* UITableView+Extension.swift */,
				E1F55B6627FAE8B000EC8D82 /* Int+Extension.swift */,
				E1F55B6B27FB0B5F00EC8D82 /* UITextField+Extension.swift */,
				E1F55B6D27FB182800EC8D82 /* UIImage+Extension.swift */,
				E1F55B6F27FB1A3A00EC8D82 /* UILabel+Extension.swift */,
				E13FD91B28071BC500442746 /* NotificationName+Extension.swift */,
				E1054CB8280FEA0F00FE08C6 /* UserDefaultsExtension.swift */,
				E1054CBA280FEA2E00FE08C6 /* UserDefaultModel.swift */,
			);
			path = Extensions;
			sourceTree = "<group>";
		};
		E1F55B6127FAE61300EC8D82 /* Views */ = {
			isa = PBXGroup;
			children = (
				E1F55B6227FAE64400EC8D82 /* SearchingTBVCell.swift */,
			);
			path = Views;
			sourceTree = "<group>";
		};
		E1F55B6827FB094600EC8D82 /* Component */ = {
			isa = PBXGroup;
			children = (
				E1F55B6927FB098200EC8D82 /* CustomTextFieldView.swift */,
				E13FD8D827FC773F00442746 /* EmptyView.swift */,
				E13FD9112805670D00442746 /* PlayerManager.swift */,
				E1054CB6280FE20A00FE08C6 /* CustomSegment.swift */,
			);
			path = Component;
			sourceTree = "<group>";
		};
/* End PBXGroup section */

/* Begin PBXNativeTarget section */
		E151DBF427BE490B00B4F8E0 /* iTunesDemo */ = {
			isa = PBXNativeTarget;
			buildConfigurationList = E151DC0927BE490D00B4F8E0 /* Build configuration list for PBXNativeTarget "iTunesDemo" */;
			buildPhases = (
				29D7A78A1C399B9BF2C6EA7B /* [CP] Check Pods Manifest.lock */,
				E159E38327BE50C3008F71CD /* ShellScript */,
				E151DBF127BE490B00B4F8E0 /* Sources */,
				E151DBF227BE490B00B4F8E0 /* Frameworks */,
				E151DBF327BE490B00B4F8E0 /* Resources */,
				9766B5BD7FF6231056540C1A /* [CP] Embed Pods Frameworks */,
			);
			buildRules = (
			);
			dependencies = (
			);
			name = iTunesDemo;
			productName = iTunesDemo;
			productReference = E151DBF527BE490B00B4F8E0 /* iTunesDemo.app */;
			productType = "com.apple.product-type.application";
		};
/* End PBXNativeTarget section */

/* Begin PBXProject section */
		E151DBED27BE490B00B4F8E0 /* Project object */ = {
			isa = PBXProject;
			attributes = {
				BuildIndependentTargetsInParallel = 1;
				LastSwiftUpdateCheck = 1300;
				LastUpgradeCheck = 1300;
				TargetAttributes = {
					E151DBF427BE490B00B4F8E0 = {
						CreatedOnToolsVersion = 13.0;
					};
				};
			};
			buildConfigurationList = E151DBF027BE490B00B4F8E0 /* Build configuration list for PBXProject "iTunesDemo" */;
			compatibilityVersion = "Xcode 13.0";
			developmentRegion = en;
			hasScannedForEncodings = 0;
			knownRegions = (
				en,
				Base,
			);
			mainGroup = E151DBEC27BE490B00B4F8E0;
			productRefGroup = E151DBF627BE490B00B4F8E0 /* Products */;
			projectDirPath = "";
			projectRoot = "";
			targets = (
				E151DBF427BE490B00B4F8E0 /* iTunesDemo */,
			);
		};
/* End PBXProject section */

/* Begin PBXResourcesBuildPhase section */
		E151DBF327BE490B00B4F8E0 /* Resources */ = {
			isa = PBXResourcesBuildPhase;
			buildActionMask = 2147483647;
			files = (
				E151DC0527BE490D00B4F8E0 /* LaunchScreen.storyboard in Resources */,
				E151DC0227BE490D00B4F8E0 /* Assets.xcassets in Resources */,
			);
			runOnlyForDeploymentPostprocessing = 0;
		};
/* End PBXResourcesBuildPhase section */

/* Begin PBXShellScriptBuildPhase section */
		29D7A78A1C399B9BF2C6EA7B /* [CP] Check Pods Manifest.lock */ = {
			isa = PBXShellScriptBuildPhase;
			buildActionMask = 2147483647;
			files = (
			);
			inputFileListPaths = (
			);
			inputPaths = (
				"${PODS_PODFILE_DIR_PATH}/Podfile.lock",
				"${PODS_ROOT}/Manifest.lock",
			);
			name = "[CP] Check Pods Manifest.lock";
			outputFileListPaths = (
			);
			outputPaths = (
				"$(DERIVED_FILE_DIR)/Pods-iTunesDemo-checkManifestLockResult.txt",
			);
			runOnlyForDeploymentPostprocessing = 0;
			shellPath = /bin/sh;
			shellScript = "diff \"${PODS_PODFILE_DIR_PATH}/Podfile.lock\" \"${PODS_ROOT}/Manifest.lock\" > /dev/null\nif [ $? != 0 ] ; then\n    # print error to STDERR\n    echo \"error: The sandbox is not in sync with the Podfile.lock. Run 'pod install' or update your CocoaPods installation.\" >&2\n    exit 1\nfi\n# This output is used by Xcode 'outputs' to avoid re-running this script phase.\necho \"SUCCESS\" > \"${SCRIPT_OUTPUT_FILE_0}\"\n";
			showEnvVarsInLog = 0;
		};
		9766B5BD7FF6231056540C1A /* [CP] Embed Pods Frameworks */ = {
			isa = PBXShellScriptBuildPhase;
			buildActionMask = 2147483647;
			files = (
			);
			inputFileListPaths = (
				"${PODS_ROOT}/Target Support Files/Pods-iTunesDemo/Pods-iTunesDemo-frameworks-${CONFIGURATION}-input-files.xcfilelist",
			);
			name = "[CP] Embed Pods Frameworks";
			outputFileListPaths = (
				"${PODS_ROOT}/Target Support Files/Pods-iTunesDemo/Pods-iTunesDemo-frameworks-${CONFIGURATION}-output-files.xcfilelist",
			);
			runOnlyForDeploymentPostprocessing = 0;
			shellPath = /bin/sh;
			shellScript = "\"${PODS_ROOT}/Target Support Files/Pods-iTunesDemo/Pods-iTunesDemo-frameworks.sh\"\n";
			showEnvVarsInLog = 0;
		};
		E159E38327BE50C3008F71CD /* ShellScript */ = {
			isa = PBXShellScriptBuildPhase;
			alwaysOutOfDate = 1;
			buildActionMask = 2147483647;
			files = (
			);
			inputFileListPaths = (
			);
			inputPaths = (
			);
			outputFileListPaths = (
			);
			outputPaths = (
			);
			runOnlyForDeploymentPostprocessing = 0;
			shellPath = /bin/sh;
			shellScript = "\"$PODS_ROOT/R.swift/rswift\" generate \"$SRCROOT/R.generated.swift\"\n";
		};
/* End PBXShellScriptBuildPhase section */

/* Begin PBXSourcesBuildPhase section */
		E151DBF127BE490B00B4F8E0 /* Sources */ = {
			isa = PBXSourcesBuildPhase;
			buildActionMask = 2147483647;
			files = (
				E1F55B7027FB1A3A00EC8D82 /* UILabel+Extension.swift in Sources */,
				E159E38927BE5152008F71CD /* BaseViewController.swift in Sources */,
				E1054CAF280FA90000FE08C6 /* BaseTabBarController.swift in Sources */,
				E1F55B6327FAE64400EC8D82 /* SearchingTBVCell.swift in Sources */,
				E151DC2027BE493500B4F8E0 /* SearchRouter.swift in Sources */,
				E13FD8D927FC773F00442746 /* EmptyView.swift in Sources */,
				E1F55B6727FAE8B000EC8D82 /* Int+Extension.swift in Sources */,
				E151DBFD27BE490B00B4F8E0 /* SearchingViewController.swift in Sources */,
				E1054CB7280FE20A00FE08C6 /* CustomSegment.swift in Sources */,
				E1F55B6C27FB0B5F00EC8D82 /* UITextField+Extension.swift in Sources */,
				E151DC1E27BE493500B4F8E0 /* SearchOutput.swift in Sources */,
				E159E38827BE5152008F71CD /* BaseNavigationViewController.swift in Sources */,
				E1054CB9280FEA0F00FE08C6 /* UserDefaultsExtension.swift in Sources */,
				E13FD9122805670D00442746 /* PlayerManager.swift in Sources */,
				E1F55B6527FAE7CB00EC8D82 /* UITableView+Extension.swift in Sources */,
				E13FD90B2804060800442746 /* SearchingViewModel.swift in Sources */,
				E13FD8DC27FC801C00442746 /* CurrentSongViewController.swift in Sources */,
				E151DC1927BE493500B4F8E0 /* APIConstants.swift in Sources */,
				E159E38C27BE541D008F71CD /* R.generated.swift in Sources */,
				E151DC1B27BE493500B4F8E0 /* APICaller.swift in Sources */,
				E13FD91C28071BC500442746 /* NotificationName+Extension.swift in Sources */,
				E13FD9002801CD6900442746 /* SearchingDataSource.swift in Sources */,
				E1F55B6A27FB098200EC8D82 /* CustomTextFieldView.swift in Sources */,
				E1054CB5280FE10800FE08C6 /* SwitchModeTbvCell.swift in Sources */,
				E151DC1827BE493500B4F8E0 /* BaseAPIServices.swift in Sources */,
				E1F55B6027FAE11C00EC8D82 /* CAGradientLayer+Entension.swift in Sources */,
				E13FD8DF27FC81C100442746 /* SongHeroID.swift in Sources */,
				E1F55B6E27FB182800EC8D82 /* UIImage+Extension.swift in Sources */,
				E1F55B5D27FADE7B00EC8D82 /* CAGradientLayer+Extension.swift in Sources */,
				E1054CB2280FB61000FE08C6 /* SettingViewController.swift in Sources */,
				E151DBF927BE490B00B4F8E0 /* AppDelegate.swift in Sources */,
				E151DC1C27BE493500B4F8E0 /* SearchAPIServices.swift in Sources */,
				E151DBFB27BE490B00B4F8E0 /* SceneDelegate.swift in Sources */,
				E151DC1D27BE493500B4F8E0 /* SearchInput.swift in Sources */,
				E1054CBB280FEA2E00FE08C6 /* UserDefaultModel.swift in Sources */,
			);
			runOnlyForDeploymentPostprocessing = 0;
		};
/* End PBXSourcesBuildPhase section */

/* Begin PBXVariantGroup section */
		E151DC0327BE490D00B4F8E0 /* LaunchScreen.storyboard */ = {
			isa = PBXVariantGroup;
			children = (
				E151DC0427BE490D00B4F8E0 /* Base */,
			);
			name = LaunchScreen.storyboard;
			sourceTree = "<group>";
		};
/* End PBXVariantGroup section */

/* Begin XCBuildConfiguration section */
		E151DC0727BE490D00B4F8E0 /* Debug */ = {
			isa = XCBuildConfiguration;
			buildSettings = {
				ALWAYS_SEARCH_USER_PATHS = NO;
				CLANG_ANALYZER_NONNULL = YES;
				CLANG_ANALYZER_NUMBER_OBJECT_CONVERSION = YES_AGGRESSIVE;
				CLANG_CXX_LANGUAGE_STANDARD = "gnu++17";
				CLANG_CXX_LIBRARY = "libc++";
				CLANG_ENABLE_MODULES = YES;
				CLANG_ENABLE_OBJC_ARC = YES;
				CLANG_ENABLE_OBJC_WEAK = YES;
				CLANG_WARN_BLOCK_CAPTURE_AUTORELEASING = YES;
				CLANG_WARN_BOOL_CONVERSION = YES;
				CLANG_WARN_COMMA = YES;
				CLANG_WARN_CONSTANT_CONVERSION = YES;
				CLANG_WARN_DEPRECATED_OBJC_IMPLEMENTATIONS = YES;
				CLANG_WARN_DIRECT_OBJC_ISA_USAGE = YES_ERROR;
				CLANG_WARN_DOCUMENTATION_COMMENTS = YES;
				CLANG_WARN_EMPTY_BODY = YES;
				CLANG_WARN_ENUM_CONVERSION = YES;
				CLANG_WARN_INFINITE_RECURSION = YES;
				CLANG_WARN_INT_CONVERSION = YES;
				CLANG_WARN_NON_LITERAL_NULL_CONVERSION = YES;
				CLANG_WARN_OBJC_IMPLICIT_RETAIN_SELF = YES;
				CLANG_WARN_OBJC_LITERAL_CONVERSION = YES;
				CLANG_WARN_OBJC_ROOT_CLASS = YES_ERROR;
				CLANG_WARN_QUOTED_INCLUDE_IN_FRAMEWORK_HEADER = YES;
				CLANG_WARN_RANGE_LOOP_ANALYSIS = YES;
				CLANG_WARN_STRICT_PROTOTYPES = YES;
				CLANG_WARN_SUSPICIOUS_MOVE = YES;
				CLANG_WARN_UNGUARDED_AVAILABILITY = YES_AGGRESSIVE;
				CLANG_WARN_UNREACHABLE_CODE = YES;
				CLANG_WARN__DUPLICATE_METHOD_MATCH = YES;
				COPY_PHASE_STRIP = NO;
				DEBUG_INFORMATION_FORMAT = dwarf;
				ENABLE_STRICT_OBJC_MSGSEND = YES;
				ENABLE_TESTABILITY = YES;
				GCC_C_LANGUAGE_STANDARD = gnu11;
				GCC_DYNAMIC_NO_PIC = NO;
				GCC_NO_COMMON_BLOCKS = YES;
				GCC_OPTIMIZATION_LEVEL = 0;
				GCC_PREPROCESSOR_DEFINITIONS = (
					"DEBUG=1",
					"$(inherited)",
				);
				GCC_WARN_64_TO_32_BIT_CONVERSION = YES;
				GCC_WARN_ABOUT_RETURN_TYPE = YES_ERROR;
				GCC_WARN_UNDECLARED_SELECTOR = YES;
				GCC_WARN_UNINITIALIZED_AUTOS = YES_AGGRESSIVE;
				GCC_WARN_UNUSED_FUNCTION = YES;
				GCC_WARN_UNUSED_VARIABLE = YES;
				IPHONEOS_DEPLOYMENT_TARGET = 13.0;
				MTL_ENABLE_DEBUG_INFO = INCLUDE_SOURCE;
				MTL_FAST_MATH = YES;
				ONLY_ACTIVE_ARCH = YES;
				SDKROOT = iphoneos;
				SWIFT_ACTIVE_COMPILATION_CONDITIONS = DEBUG;
				SWIFT_OPTIMIZATION_LEVEL = "-Onone";
			};
			name = Debug;
		};
		E151DC0827BE490D00B4F8E0 /* Release */ = {
			isa = XCBuildConfiguration;
			buildSettings = {
				ALWAYS_SEARCH_USER_PATHS = NO;
				CLANG_ANALYZER_NONNULL = YES;
				CLANG_ANALYZER_NUMBER_OBJECT_CONVERSION = YES_AGGRESSIVE;
				CLANG_CXX_LANGUAGE_STANDARD = "gnu++17";
				CLANG_CXX_LIBRARY = "libc++";
				CLANG_ENABLE_MODULES = YES;
				CLANG_ENABLE_OBJC_ARC = YES;
				CLANG_ENABLE_OBJC_WEAK = YES;
				CLANG_WARN_BLOCK_CAPTURE_AUTORELEASING = YES;
				CLANG_WARN_BOOL_CONVERSION = YES;
				CLANG_WARN_COMMA = YES;
				CLANG_WARN_CONSTANT_CONVERSION = YES;
				CLANG_WARN_DEPRECATED_OBJC_IMPLEMENTATIONS = YES;
				CLANG_WARN_DIRECT_OBJC_ISA_USAGE = YES_ERROR;
				CLANG_WARN_DOCUMENTATION_COMMENTS = YES;
				CLANG_WARN_EMPTY_BODY = YES;
				CLANG_WARN_ENUM_CONVERSION = YES;
				CLANG_WARN_INFINITE_RECURSION = YES;
				CLANG_WARN_INT_CONVERSION = YES;
				CLANG_WARN_NON_LITERAL_NULL_CONVERSION = YES;
				CLANG_WARN_OBJC_IMPLICIT_RETAIN_SELF = YES;
				CLANG_WARN_OBJC_LITERAL_CONVERSION = YES;
				CLANG_WARN_OBJC_ROOT_CLASS = YES_ERROR;
				CLANG_WARN_QUOTED_INCLUDE_IN_FRAMEWORK_HEADER = YES;
				CLANG_WARN_RANGE_LOOP_ANALYSIS = YES;
				CLANG_WARN_STRICT_PROTOTYPES = YES;
				CLANG_WARN_SUSPICIOUS_MOVE = YES;
				CLANG_WARN_UNGUARDED_AVAILABILITY = YES_AGGRESSIVE;
				CLANG_WARN_UNREACHABLE_CODE = YES;
				CLANG_WARN__DUPLICATE_METHOD_MATCH = YES;
				COPY_PHASE_STRIP = NO;
				DEBUG_INFORMATION_FORMAT = "dwarf-with-dsym";
				ENABLE_NS_ASSERTIONS = NO;
				ENABLE_STRICT_OBJC_MSGSEND = YES;
				GCC_C_LANGUAGE_STANDARD = gnu11;
				GCC_NO_COMMON_BLOCKS = YES;
				GCC_WARN_64_TO_32_BIT_CONVERSION = YES;
				GCC_WARN_ABOUT_RETURN_TYPE = YES_ERROR;
				GCC_WARN_UNDECLARED_SELECTOR = YES;
				GCC_WARN_UNINITIALIZED_AUTOS = YES_AGGRESSIVE;
				GCC_WARN_UNUSED_FUNCTION = YES;
				GCC_WARN_UNUSED_VARIABLE = YES;
				IPHONEOS_DEPLOYMENT_TARGET = 13.0;
				MTL_ENABLE_DEBUG_INFO = NO;
				MTL_FAST_MATH = YES;
				SDKROOT = iphoneos;
				SWIFT_COMPILATION_MODE = wholemodule;
				SWIFT_OPTIMIZATION_LEVEL = "-O";
				VALIDATE_PRODUCT = YES;
			};
			name = Release;
		};
		E151DC0A27BE490D00B4F8E0 /* Debug */ = {
			isa = XCBuildConfiguration;
			baseConfigurationReference = EDDD9857996060E504134526 /* Pods-iTunesDemo.debug.xcconfig */;
			buildSettings = {
				ASSETCATALOG_COMPILER_APPICON_NAME = AppIcon;
				ASSETCATALOG_COMPILER_GLOBAL_ACCENT_COLOR_NAME = AccentColor;
				CODE_SIGN_STYLE = Automatic;
				CURRENT_PROJECT_VERSION = 1;
				DEVELOPMENT_TEAM = S4CTGV7VH6;
				GENERATE_INFOPLIST_FILE = YES;
				INFOPLIST_FILE = iTunesDemo/Info.plist;
				INFOPLIST_KEY_UIApplicationSupportsIndirectInputEvents = YES;
				INFOPLIST_KEY_UILaunchStoryboardName = LaunchScreen;
				INFOPLIST_KEY_UIMainStoryboardFile = LaunchScreen;
				INFOPLIST_KEY_UISupportedInterfaceOrientations = UIInterfaceOrientationPortrait;
				INFOPLIST_KEY_UISupportedInterfaceOrientations_iPad = "UIInterfaceOrientationPortrait UIInterfaceOrientationPortraitUpsideDown UIInterfaceOrientationLandscapeLeft UIInterfaceOrientationLandscapeRight";
				INFOPLIST_KEY_UISupportedInterfaceOrientations_iPhone = "UIInterfaceOrientationPortrait UIInterfaceOrientationLandscapeLeft UIInterfaceOrientationLandscapeRight";
				IPHONEOS_DEPLOYMENT_TARGET = 13.0;
				LD_RUNPATH_SEARCH_PATHS = (
					"$(inherited)",
					"@executable_path/Frameworks",
				);
				MARKETING_VERSION = 1.0;
				PRODUCT_BUNDLE_IDENTIFIER = com.dorothy.iTunesDemo;
				PRODUCT_NAME = "$(TARGET_NAME)";
				SWIFT_EMIT_LOC_STRINGS = YES;
				SWIFT_VERSION = 5.0;
				TARGETED_DEVICE_FAMILY = "1,2";
			};
			name = Debug;
		};
		E151DC0B27BE490D00B4F8E0 /* Release */ = {
			isa = XCBuildConfiguration;
			baseConfigurationReference = 903682E574EA1BD9E328F2B6 /* Pods-iTunesDemo.release.xcconfig */;
			buildSettings = {
				ASSETCATALOG_COMPILER_APPICON_NAME = AppIcon;
				ASSETCATALOG_COMPILER_GLOBAL_ACCENT_COLOR_NAME = AccentColor;
				CODE_SIGN_STYLE = Automatic;
				CURRENT_PROJECT_VERSION = 1;
				DEVELOPMENT_TEAM = S4CTGV7VH6;
				GENERATE_INFOPLIST_FILE = YES;
				INFOPLIST_FILE = iTunesDemo/Info.plist;
				INFOPLIST_KEY_UIApplicationSupportsIndirectInputEvents = YES;
				INFOPLIST_KEY_UILaunchStoryboardName = LaunchScreen;
				INFOPLIST_KEY_UIMainStoryboardFile = LaunchScreen;
				INFOPLIST_KEY_UISupportedInterfaceOrientations = UIInterfaceOrientationPortrait;
				INFOPLIST_KEY_UISupportedInterfaceOrientations_iPad = "UIInterfaceOrientationPortrait UIInterfaceOrientationPortraitUpsideDown UIInterfaceOrientationLandscapeLeft UIInterfaceOrientationLandscapeRight";
				INFOPLIST_KEY_UISupportedInterfaceOrientations_iPhone = "UIInterfaceOrientationPortrait UIInterfaceOrientationLandscapeLeft UIInterfaceOrientationLandscapeRight";
				IPHONEOS_DEPLOYMENT_TARGET = 13.0;
				LD_RUNPATH_SEARCH_PATHS = (
					"$(inherited)",
					"@executable_path/Frameworks",
				);
				MARKETING_VERSION = 1.0;
				PRODUCT_BUNDLE_IDENTIFIER = com.dorothy.iTunesDemo;
				PRODUCT_NAME = "$(TARGET_NAME)";
				SWIFT_EMIT_LOC_STRINGS = YES;
				SWIFT_VERSION = 5.0;
				TARGETED_DEVICE_FAMILY = "1,2";
			};
			name = Release;
		};
/* End XCBuildConfiguration section */

/* Begin XCConfigurationList section */
		E151DBF027BE490B00B4F8E0 /* Build configuration list for PBXProject "iTunesDemo" */ = {
			isa = XCConfigurationList;
			buildConfigurations = (
				E151DC0727BE490D00B4F8E0 /* Debug */,
				E151DC0827BE490D00B4F8E0 /* Release */,
			);
			defaultConfigurationIsVisible = 0;
			defaultConfigurationName = Release;
		};
		E151DC0927BE490D00B4F8E0 /* Build configuration list for PBXNativeTarget "iTunesDemo" */ = {
			isa = XCConfigurationList;
			buildConfigurations = (
				E151DC0A27BE490D00B4F8E0 /* Debug */,
				E151DC0B27BE490D00B4F8E0 /* Release */,
			);
			defaultConfigurationIsVisible = 0;
			defaultConfigurationName = Release;
		};
/* End XCConfigurationList section */
	};
	rootObject = E151DBED27BE490B00B4F8E0 /* Project object */;
}
